
Microsoft Visual Studio Solution File, Format Version 12.00
# Visual Studio 2012
Project("{FAE04EC0-301F-11D3-BF4B-00C04F79EFBC}") = "lock_in_thread", "lock_in_thread\lock_in_thread.csproj", "{37209274-A014-4A5A-A57F-1C8CBC05C0D5}"
EndProject
Global
	GlobalSection(SolutionConfigurationPlatforms) = preSolution
		Debug|Any CPU = Debug|Any CPU
		Release|Any CPU = Release|Any CPU
	EndGlobalSection
	GlobalSection(ProjectConfigurationPlatforms) = postSolution
		{37209274-A014-4A5A-A57F-1C8CBC05C0D5}.Debug|Any CPU.ActiveCfg = Debug|Any CPU
		{37209274-A014-4A5A-A57F-1C8CBC05C0D5}.Debug|Any CPU.Build.0 = Debug|Any CPU
		{37209274-A014-4A5A-A57F-1C8CBC05C0D5}.Release|Any CPU.ActiveCfg = Release|Any CPU
		{37209274-A014-4A5A-A57F-1C8CBC05C0D5}.Release|Any CPU.Build.0 = Release|Any CPU
	EndGlobalSection
EndGlobal
